
Microsoft Visual Studio Solution File, Format Version 12.00
# Visual Studio 14
VisualStudioVersion = 14.0.25420.1
MinimumVisualStudioVersion = 10.0.40219.1
Project("{2150E333-8FDC-42A3-9474-1A3956D46DE8}") = "1. Outer Layer", "1. Outer Layer", "{6F851CDF-FB56-4E73-94CB-9CA053BB949E}"
EndProject
Project("{2150E333-8FDC-42A3-9474-1A3956D46DE8}") = "2. Core Layer", "2. Core Layer", "{9B03D88D-30FD-415B-A4DC-4C1C61F52888}"
EndProject
Project("{2150E333-8FDC-42A3-9474-1A3956D46DE8}") = "3. Infrastructure Layer", "3. Infrastructure Layer", "{780227D7-461B-496B-972A-23056D8F25EC}"
EndProject
Project("{2150E333-8FDC-42A3-9474-1A3956D46DE8}") = "4. Tests", "4. Tests", "{18286E7C-B530-40D4-8BDF-799B7D047F53}"
EndProject
Project("{FAE04EC0-301F-11D3-BF4B-00C04F79EFBC}") = "GlobalWeather.Domain", "GlobalWeather.Domain\GlobalWeather.Domain.csproj", "{E4EB2650-C3ED-455C-96C1-FE9642041FC0}"
EndProject
Project("{FAE04EC0-301F-11D3-BF4B-00C04F79EFBC}") = "GlobalWeather.Domain.Services", "GlobalWeather.Domain.Services\GlobalWeather.Domain.Services.csproj", "{D789B57A-F26E-4065-8BBC-825C871CA677}"
EndProject
Project("{FAE04EC0-301F-11D3-BF4B-00C04F79EFBC}") = "GlobalWeather.Infrastructure", "GlobalWeather.Infrastructure\GlobalWeather.Infrastructure.csproj", "{7A6CAEAB-8758-4172-B00F-0FC6F896007C}"
EndProject
Project("{FAE04EC0-301F-11D3-BF4B-00C04F79EFBC}") = "GlobalWeather.Infrastructure.DependencyResolution", "GlobalWeather.Infrastructure.DependencyResolution\GlobalWeather.Infrastructure.DependencyResolution.csproj", "{83306AD1-B611-4812-A102-335BE4D52841}"
EndProject
Project("{2150E333-8FDC-42A3-9474-1A3956D46DE8}") = "Integration Tests", "Integration Tests", "{C208CEDA-D7E6-4F9B-AE85-99B8223B3EF4}"
EndProject
Project("{2150E333-8FDC-42A3-9474-1A3956D46DE8}") = "Unit Tests", "Unit Tests", "{FBD80A7F-4149-4210-8A7E-1491D269F494}"
EndProject
Project("{FAE04EC0-301F-11D3-BF4B-00C04F79EFBC}") = "GlobalWeather.Domain.Services.IntegrationTests", "GlobalWeather.Domain.Services.IntegrationTests\GlobalWeather.Domain.Services.IntegrationTests.csproj", "{6D9825FE-6601-403F-8EA1-8B906A17F1B1}"
EndProject
Project("{FAE04EC0-301F-11D3-BF4B-00C04F79EFBC}") = "GlobalWeather.Domain.Services.UnitTests", "GlobalWeather.Domain.Services.UnitTests\GlobalWeather.Domain.Services.UnitTests.csproj", "{EED78D46-5D12-4799-8410-274AF511B9A0}"
EndProject
Project("{FAE04EC0-301F-11D3-BF4B-00C04F79EFBC}") = "GlobalWeather.WebAPI", "GlobalWeather.WebAPI\GlobalWeather.WebAPI.csproj", "{90ADBF7F-E2AA-47CF-8708-EE5E4EE32363}"
EndProject
Project("{2150E333-8FDC-42A3-9474-1A3956D46DE8}") = "Solution Items", "Solution Items", "{2D168212-B964-409D-90E7-DA03A2A28A9E}"
	ProjectSection(SolutionItems) = preProject
		Readme.txt = Readme.txt
	EndProjectSection
EndProject
Project("{FAE04EC0-301F-11D3-BF4B-00C04F79EFBC}") = "GlobalWeather.Infrastructure.IntegrationTests", "GlobalWeather.Infrastructure.IntegrationTests\GlobalWeather.Infrastructure.IntegrationTests.csproj", "{7AB0A74E-CB62-4F9F-8300-FAAE89A9E109}"
EndProject
Project("{FAE04EC0-301F-11D3-BF4B-00C04F79EFBC}") = "GlobalWeather.Test.Common", "GlobalWeather.Test.Common\GlobalWeather.Test.Common.csproj", "{44B5A4B6-F58F-4121-8197-7A5FA4F45334}"
EndProject
Global
	GlobalSection(SolutionConfigurationPlatforms) = preSolution
		Debug|Any CPU = Debug|Any CPU
		Release|Any CPU = Release|Any CPU
	EndGlobalSection
	GlobalSection(ProjectConfigurationPlatforms) = postSolution
		{E4EB2650-C3ED-455C-96C1-FE9642041FC0}.Debug|Any CPU.ActiveCfg = Debug|Any CPU
		{E4EB2650-C3ED-455C-96C1-FE9642041FC0}.Debug|Any CPU.Build.0 = Debug|Any CPU
		{E4EB2650-C3ED-455C-96C1-FE9642041FC0}.Release|Any CPU.ActiveCfg = Release|Any CPU
		{E4EB2650-C3ED-455C-96C1-FE9642041FC0}.Release|Any CPU.Build.0 = Release|Any CPU
		{D789B57A-F26E-4065-8BBC-825C871CA677}.Debug|Any CPU.ActiveCfg = Debug|Any CPU
		{D789B57A-F26E-4065-8BBC-825C871CA677}.Debug|Any CPU.Build.0 = Debug|Any CPU
		{D789B57A-F26E-4065-8BBC-825C871CA677}.Release|Any CPU.ActiveCfg = Release|Any CPU
		{D789B57A-F26E-4065-8BBC-825C871CA677}.Release|Any CPU.Build.0 = Release|Any CPU
		{7A6CAEAB-8758-4172-B00F-0FC6F896007C}.Debug|Any CPU.ActiveCfg = Debug|Any CPU
		{7A6CAEAB-8758-4172-B00F-0FC6F896007C}.Debug|Any CPU.Build.0 = Debug|Any CPU
		{7A6CAEAB-8758-4172-B00F-0FC6F896007C}.Release|Any CPU.ActiveCfg = Release|Any CPU
		{7A6CAEAB-8758-4172-B00F-0FC6F896007C}.Release|Any CPU.Build.0 = Release|Any CPU
		{83306AD1-B611-4812-A102-335BE4D52841}.Debug|Any CPU.ActiveCfg = Debug|Any CPU
		{83306AD1-B611-4812-A102-335BE4D52841}.Debug|Any CPU.Build.0 = Debug|Any CPU
		{83306AD1-B611-4812-A102-335BE4D52841}.Release|Any CPU.ActiveCfg = Release|Any CPU
		{83306AD1-B611-4812-A102-335BE4D52841}.Release|Any CPU.Build.0 = Release|Any CPU
		{6D9825FE-6601-403F-8EA1-8B906A17F1B1}.Debug|Any CPU.ActiveCfg = Debug|Any CPU
		{6D9825FE-6601-403F-8EA1-8B906A17F1B1}.Debug|Any CPU.Build.0 = Debug|Any CPU
		{6D9825FE-6601-403F-8EA1-8B906A17F1B1}.Release|Any CPU.ActiveCfg = Release|Any CPU
		{6D9825FE-6601-403F-8EA1-8B906A17F1B1}.Release|Any CPU.Build.0 = Release|Any CPU
		{EED78D46-5D12-4799-8410-274AF511B9A0}.Debug|Any CPU.ActiveCfg = Debug|Any CPU
		{EED78D46-5D12-4799-8410-274AF511B9A0}.Debug|Any CPU.Build.0 = Debug|Any CPU
		{EED78D46-5D12-4799-8410-274AF511B9A0}.Release|Any CPU.ActiveCfg = Release|Any CPU
		{EED78D46-5D12-4799-8410-274AF511B9A0}.Release|Any CPU.Build.0 = Release|Any CPU
		{90ADBF7F-E2AA-47CF-8708-EE5E4EE32363}.Debug|Any CPU.ActiveCfg = Debug|Any CPU
		{90ADBF7F-E2AA-47CF-8708-EE5E4EE32363}.Debug|Any CPU.Build.0 = Debug|Any CPU
		{90ADBF7F-E2AA-47CF-8708-EE5E4EE32363}.Release|Any CPU.ActiveCfg = Release|Any CPU
		{90ADBF7F-E2AA-47CF-8708-EE5E4EE32363}.Release|Any CPU.Build.0 = Release|Any CPU
		{7AB0A74E-CB62-4F9F-8300-FAAE89A9E109}.Debug|Any CPU.ActiveCfg = Debug|Any CPU
		{7AB0A74E-CB62-4F9F-8300-FAAE89A9E109}.Debug|Any CPU.Build.0 = Debug|Any CPU
		{7AB0A74E-CB62-4F9F-8300-FAAE89A9E109}.Release|Any CPU.ActiveCfg = Release|Any CPU
		{7AB0A74E-CB62-4F9F-8300-FAAE89A9E109}.Release|Any CPU.Build.0 = Release|Any CPU
		{44B5A4B6-F58F-4121-8197-7A5FA4F45334}.Debug|Any CPU.ActiveCfg = Debug|Any CPU
		{44B5A4B6-F58F-4121-8197-7A5FA4F45334}.Debug|Any CPU.Build.0 = Debug|Any CPU
		{44B5A4B6-F58F-4121-8197-7A5FA4F45334}.Release|Any CPU.ActiveCfg = Release|Any CPU
		{44B5A4B6-F58F-4121-8197-7A5FA4F45334}.Release|Any CPU.Build.0 = Release|Any CPU
	EndGlobalSection
	GlobalSection(SolutionProperties) = preSolution
		HideSolutionNode = FALSE
	EndGlobalSection
	GlobalSection(NestedProjects) = preSolution
		{E4EB2650-C3ED-455C-96C1-FE9642041FC0} = {9B03D88D-30FD-415B-A4DC-4C1C61F52888}
		{D789B57A-F26E-4065-8BBC-825C871CA677} = {9B03D88D-30FD-415B-A4DC-4C1C61F52888}
		{7A6CAEAB-8758-4172-B00F-0FC6F896007C} = {780227D7-461B-496B-972A-23056D8F25EC}
		{83306AD1-B611-4812-A102-335BE4D52841} = {780227D7-461B-496B-972A-23056D8F25EC}
		{C208CEDA-D7E6-4F9B-AE85-99B8223B3EF4} = {18286E7C-B530-40D4-8BDF-799B7D047F53}
		{FBD80A7F-4149-4210-8A7E-1491D269F494} = {18286E7C-B530-40D4-8BDF-799B7D047F53}
		{6D9825FE-6601-403F-8EA1-8B906A17F1B1} = {C208CEDA-D7E6-4F9B-AE85-99B8223B3EF4}
		{EED78D46-5D12-4799-8410-274AF511B9A0} = {FBD80A7F-4149-4210-8A7E-1491D269F494}
		{90ADBF7F-E2AA-47CF-8708-EE5E4EE32363} = {6F851CDF-FB56-4E73-94CB-9CA053BB949E}
		{7AB0A74E-CB62-4F9F-8300-FAAE89A9E109} = {C208CEDA-D7E6-4F9B-AE85-99B8223B3EF4}
		{44B5A4B6-F58F-4121-8197-7A5FA4F45334} = {C208CEDA-D7E6-4F9B-AE85-99B8223B3EF4}
	EndGlobalSection
EndGlobal
